
Microsoft Visual Studio Solution File, Format Version 12.00
# Visual Studio Version 17
VisualStudioVersion = 17.14.36310.24
MinimumVisualStudioVersion = 10.0.40219.1
Project("{FAE04EC0-301F-11D3-BF4B-00C04F79EFBC}") = "UI", "UI\UI.csproj", "{6C80A0B3-A10D-4102-B31C-CC82BF9869E3}"
EndProject
Project("{FAE04EC0-301F-11D3-BF4B-00C04F79EFBC}") = "Logic", "Logic\Logic.csproj", "{C20FC2D7-F49E-4836-92D7-855EDA82CC5D}"
EndProject
Project("{FAE04EC0-301F-11D3-BF4B-00C04F79EFBC}") = "Test", "Test\Test.csproj", "{E379A79B-BAB1-4C5A-A992-80BF5ABF4B9D}"
EndProject
Project("{FAE04EC0-301F-11D3-BF4B-00C04F79EFBC}") = "Model", "Model\Model.csproj", "{FE7D3A05-E1E9-46F6-BF2E-71E2FF2310ED}"
EndProject
Project("{FAE04EC0-301F-11D3-BF4B-00C04F79EFBC}") = "DataAccess", "DataAccess\DataAccess.csproj", "{7174DA5D-3AD9-4D84-8364-F3847CE4BB25}"
EndProject
Global
	GlobalSection(SolutionConfigurationPlatforms) = preSolution
		Debug|Any CPU = Debug|Any CPU
		Release|Any CPU = Release|Any CPU
	EndGlobalSection
	GlobalSection(ProjectConfigurationPlatforms) = postSolution
		{6C80A0B3-A10D-4102-B31C-CC82BF9869E3}.Debug|Any CPU.ActiveCfg = Debug|Any CPU
		{6C80A0B3-A10D-4102-B31C-CC82BF9869E3}.Debug|Any CPU.Build.0 = Debug|Any CPU
		{6C80A0B3-A10D-4102-B31C-CC82BF9869E3}.Release|Any CPU.ActiveCfg = Release|Any CPU
		{6C80A0B3-A10D-4102-B31C-CC82BF9869E3}.Release|Any CPU.Build.0 = Release|Any CPU
		{C20FC2D7-F49E-4836-92D7-855EDA82CC5D}.Debug|Any CPU.ActiveCfg = Debug|Any CPU
		{C20FC2D7-F49E-4836-92D7-855EDA82CC5D}.Debug|Any CPU.Build.0 = Debug|Any CPU
		{C20FC2D7-F49E-4836-92D7-855EDA82CC5D}.Release|Any CPU.ActiveCfg = Release|Any CPU
		{C20FC2D7-F49E-4836-92D7-855EDA82CC5D}.Release|Any CPU.Build.0 = Release|Any CPU
		{E379A79B-BAB1-4C5A-A992-80BF5ABF4B9D}.Debug|Any CPU.ActiveCfg = Debug|Any CPU
		{E379A79B-BAB1-4C5A-A992-80BF5ABF4B9D}.Debug|Any CPU.Build.0 = Debug|Any CPU
		{E379A79B-BAB1-4C5A-A992-80BF5ABF4B9D}.Release|Any CPU.ActiveCfg = Release|Any CPU
		{E379A79B-BAB1-4C5A-A992-80BF5ABF4B9D}.Release|Any CPU.Build.0 = Release|Any CPU
		{FE7D3A05-E1E9-46F6-BF2E-71E2FF2310ED}.Debug|Any CPU.ActiveCfg = Debug|Any CPU
		{FE7D3A05-E1E9-46F6-BF2E-71E2FF2310ED}.Debug|Any CPU.Build.0 = Debug|Any CPU
		{FE7D3A05-E1E9-46F6-BF2E-71E2FF2310ED}.Release|Any CPU.ActiveCfg = Release|Any CPU
		{FE7D3A05-E1E9-46F6-BF2E-71E2FF2310ED}.Release|Any CPU.Build.0 = Release|Any CPU
		{7174DA5D-3AD9-4D84-8364-F3847CE4BB25}.Debug|Any CPU.ActiveCfg = Debug|Any CPU
		{7174DA5D-3AD9-4D84-8364-F3847CE4BB25}.Debug|Any CPU.Build.0 = Debug|Any CPU
		{7174DA5D-3AD9-4D84-8364-F3847CE4BB25}.Release|Any CPU.ActiveCfg = Release|Any CPU
		{7174DA5D-3AD9-4D84-8364-F3847CE4BB25}.Release|Any CPU.Build.0 = Release|Any CPU
	EndGlobalSection
	GlobalSection(SolutionProperties) = preSolution
		HideSolutionNode = FALSE
	EndGlobalSection
	GlobalSection(ExtensibilityGlobals) = postSolution
		SolutionGuid = {4E73D7B0-E3EB-49A7-9CB3-87C43A5B79F1}
	EndGlobalSection
EndGlobal
